
Microsoft Visual Studio Solution File, Format Version 12.00
# Visual Studio 2012
Project("{FAE04EC0-301F-11D3-BF4B-00C04F79EFBC}") = "DurandalMvc", "DurandalMvc\DurandalMvc.csproj", "{037D25FF-BD66-489D-8F38-EB9396C1463D}"
EndProject
Global
	GlobalSection(SolutionConfigurationPlatforms) = preSolution
		Debug|Any CPU = Debug|Any CPU
		Release|Any CPU = Release|Any CPU
	EndGlobalSection
	GlobalSection(ProjectConfigurationPlatforms) = postSolution
		{037D25FF-BD66-489D-8F38-EB9396C1463D}.Debug|Any CPU.ActiveCfg = Debug|Any CPU
		{037D25FF-BD66-489D-8F38-EB9396C1463D}.Debug|Any CPU.Build.0 = Debug|Any CPU
		{037D25FF-BD66-489D-8F38-EB9396C1463D}.Release|Any CPU.ActiveCfg = Release|Any CPU
		{037D25FF-BD66-489D-8F38-EB9396C1463D}.Release|Any CPU.Build.0 = Release|Any CPU
	EndGlobalSection
	GlobalSection(SolutionProperties) = preSolution
		HideSolutionNode = FALSE
	EndGlobalSection
EndGlobal
